
Microsoft Visual Studio Solution File, Format Version 12.00
# Visual Studio Version 17
VisualStudioVersion = 17.4.33122.133
MinimumVisualStudioVersion = 10.0.40219.1
Project("{FAE04EC0-301F-11D3-BF4B-00C04F79EFBC}") = "fantasy-namegen", "fantasy-namegen.csproj", "{304CB551-22B6-4F97-A0FA-608B551F3DBC}"
EndProject
Global
	GlobalSection(SolutionConfigurationPlatforms) = preSolution
		Debug|Any CPU = Debug|Any CPU
		Release|Any CPU = Release|Any CPU
	EndGlobalSection
	GlobalSection(ProjectConfigurationPlatforms) = postSolution
		{304CB551-22B6-4F97-A0FA-608B551F3DBC}.Debug|Any CPU.ActiveCfg = Debug|Any CPU
		{304CB551-22B6-4F97-A0FA-608B551F3DBC}.Debug|Any CPU.Build.0 = Debug|Any CPU
		{304CB551-22B6-4F97-A0FA-608B551F3DBC}.Release|Any CPU.ActiveCfg = Release|Any CPU
		{304CB551-22B6-4F97-A0FA-608B551F3DBC}.Release|Any CPU.Build.0 = Release|Any CPU
	EndGlobalSection
	GlobalSection(SolutionProperties) = preSolution
		HideSolutionNode = FALSE
	EndGlobalSection
	GlobalSection(ExtensibilityGlobals) = postSolution
		SolutionGuid = {D17A5867-0638-4CE9-907F-87CC4C0F70AD}
	EndGlobalSection
EndGlobal
